{
	"name": "@dollie/utils",
	"version": "4.0.0",
	"lockfileVersion": 1,
	"requires": true,
	"dependencies": {
		"@sindresorhus/is": {
			"version": "4.0.1",
			"resolved": "https://registry.nlark.com/@sindresorhus/is/download/@sindresorhus/is-4.0.1.tgz",
			"integrity": "sha1-0mcp24UPoye3ysxVIiUhlEBCJvU="
		},
		"@szmarczak/http-timer": {
			"version": "4.0.6",
			"resolved": "https://registry.nlark.com/@szmarczak/http-timer/download/@szmarczak/http-timer-4.0.6.tgz",
			"integrity": "sha1-tKkUu2LnwnLU5Zif5EQPgSqx2Ac=",
			"requires": {
				"defer-to-connect": "^2.0.0"
			}
		},
		"@types/cacheable-request": {
			"version": "6.0.2",
			"resolved": "https://registry.nlark.com/@types/cacheable-request/download/@types/cacheable-request-6.0.2.tgz?cache=0&sync_timestamp=1629706936299&other_urls=https%3A%2F%2Fregistry.nlark.com%2F%40types%2Fcacheable-request%2Fdownload%2F%40types%2Fcacheable-request-6.0.2.tgz",
			"integrity": "sha1-wyTaAZfeCpiiMSFWU2riYkKf9rk=",
			"requires": {
				"@types/http-cache-semantics": "*",
				"@types/keyv": "*",
				"@types/node": "*",
				"@types/responselike": "*"
			}
		},
		"@types/http-cache-semantics": {
			"version": "4.0.1",
			"resolved": "https://registry.nlark.com/@types/http-cache-semantics/download/@types/http-cache-semantics-4.0.1.tgz?cache=0&sync_timestamp=1629708191676&other_urls=https%3A%2F%2Fregistry.nlark.com%2F%40types%2Fhttp-cache-semantics%2Fdownload%2F%40types%2Fhttp-cache-semantics-4.0.1.tgz",
			"integrity": "sha1-Dqe2FJaQK5WJDcTDoRa2DLja6BI="
		},
		"@types/keyv": {
			"version": "3.1.2",
			"resolved": "https://registry.nlark.com/@types/keyv/download/@types/keyv-3.1.2.tgz?cache=0&sync_timestamp=1629708146245&other_urls=https%3A%2F%2Fregistry.nlark.com%2F%40types%2Fkeyv%2Fdownload%2F%40types%2Fkeyv-3.1.2.tgz",
			"integrity": "sha1-XZe7ZVJsILbghF9rDSreTyhgTuU=",
			"requires": {
				"@types/node": "*"
			}
		},
		"@types/lodash": {
			"version": "4.14.172",
			"resolved": "https://registry.nlark.com/@types/lodash/download/@types/lodash-4.14.172.tgz",
			"integrity": "sha1-qtd0wo57/Xpn3iVAjgPuWow9Aoo=",
			"dev": true
		},
		"@types/node": {
			"version": "15.14.9",
			"resolved": "https://registry.nlark.com/@types/node/download/@types/node-15.14.9.tgz?cache=0&sync_timestamp=1630188309303&other_urls=https%3A%2F%2Fregistry.nlark.com%2F%40types%2Fnode%2Fdownload%2F%40types%2Fnode-15.14.9.tgz",
			"integrity": "sha1-vEPJkMPJvnKBhou8e4/dbitXrfo="
		},
		"@types/responselike": {
			"version": "1.0.0",
			"resolved": "https://registry.nlark.com/@types/responselike/download/@types/responselike-1.0.0.tgz?cache=0&sync_timestamp=1629709278914&other_urls=https%3A%2F%2Fregistry.nlark.com%2F%40types%2Fresponselike%2Fdownload%2F%40types%2Fresponselike-1.0.0.tgz",
			"integrity": "sha1-JR9P59FU0rrRJavhtCmyOv0mLik=",
			"requires": {
				"@types/node": "*"
			}
		},
		"cacheable-lookup": {
			"version": "5.0.4",
			"resolved": "https://registry.nlark.com/cacheable-lookup/download/cacheable-lookup-5.0.4.tgz?cache=0&sync_timestamp=1629490908127&other_urls=https%3A%2F%2Fregistry.nlark.com%2Fcacheable-lookup%2Fdownload%2Fcacheable-lookup-5.0.4.tgz",
			"integrity": "sha1-WmuGWyxENXvj1evCpGewMnGacAU="
		},
		"cacheable-request": {
			"version": "7.0.2",
			"resolved": "https://registry.nlark.com/cacheable-request/download/cacheable-request-7.0.2.tgz?cache=0&sync_timestamp=1623237592260&other_urls=https%3A%2F%2Fregistry.nlark.com%2Fcacheable-request%2Fdownload%2Fcacheable-request-7.0.2.tgz",
			"integrity": "sha1-6g0LiJNkolhUdXMByhKy2nf5HSc=",
			"requires": {
				"clone-response": "^1.0.2",
				"get-stream": "^5.1.0",
				"http-cache-semantics": "^4.0.0",
				"keyv": "^4.0.0",
				"lowercase-keys": "^2.0.0",
				"normalize-url": "^6.0.1",
				"responselike": "^2.0.0"
			}
		},
		"clone-response": {
			"version": "1.0.2",
			"resolved": "https://registry.nlark.com/clone-response/download/clone-response-1.0.2.tgz",
			"integrity": "sha1-0dyXOSAxTfZ/vrlCI7TuNQI56Ws=",
			"requires": {
				"mimic-response": "^1.0.0"
			}
		},
		"decompress-response": {
			"version": "6.0.0",
			"resolved": "https://registry.npm.taobao.org/decompress-response/download/decompress-response-6.0.0.tgz?cache=0&sync_timestamp=1613125479486&other_urls=https%3A%2F%2Fregistry.npm.taobao.org%2Fdecompress-response%2Fdownload%2Fdecompress-response-6.0.0.tgz",
			"integrity": "sha1-yjh2Et234QS9FthaqwDV7PCcZvw=",
			"requires": {
				"mimic-response": "^3.1.0"
			},
			"dependencies": {
				"mimic-response": {
					"version": "3.1.0",
					"resolved": "https://registry.nlark.com/mimic-response/download/mimic-response-3.1.0.tgz?cache=0&sync_timestamp=1628692524926&other_urls=https%3A%2F%2Fregistry.nlark.com%2Fmimic-response%2Fdownload%2Fmimic-response-3.1.0.tgz",
					"integrity": "sha1-LR1Zr5wbEpgVrMwsRqAipc4fo8k="
				}
			}
		},
		"defer-to-connect": {
			"version": "2.0.1",
			"resolved": "https://registry.npm.taobao.org/defer-to-connect/download/defer-to-connect-2.0.1.tgz?cache=0&sync_timestamp=1614211480566&other_urls=https%3A%2F%2Fregistry.npm.taobao.org%2Fdefer-to-connect%2Fdownload%2Fdefer-to-connect-2.0.1.tgz",
			"integrity": "sha1-gBa9tBQ+RjK3ejRJxiNid95SBYc="
		},
		"end-of-stream": {
			"version": "1.4.4",
			"resolved": "https://registry.npm.taobao.org/end-of-stream/download/end-of-stream-1.4.4.tgz",
			"integrity": "sha1-WuZKX0UFe682JuwU2gyl5LJDHrA=",
			"requires": {
				"once": "^1.4.0"
			}
		},
		"fs-monkey": {
			"version": "1.0.3",
			"resolved": "https://registry.npm.taobao.org/fs-monkey/download/fs-monkey-1.0.3.tgz?cache=0&sync_timestamp=1617593422622&other_urls=https%3A%2F%2Fregistry.npm.taobao.org%2Ffs-monkey%2Fdownload%2Ffs-monkey-1.0.3.tgz",
			"integrity": "sha1-rjrJLVO7Mo7+DpodlUH2rY1I4tM="
		},
		"get-stream": {
			"version": "5.2.0",
			"resolved": "https://registry.npm.taobao.org/get-stream/download/get-stream-5.2.0.tgz?cache=0&other_urls=https%3A%2F%2Fregistry.npm.taobao.org%2Fget-stream%2Fdownload%2Fget-stream-5.2.0.tgz",
			"integrity": "sha1-SWaheV7lrOZecGxLe+txJX1uItM=",
			"requires": {
				"pump": "^3.0.0"
			}
		},
		"got": {
			"version": "11.8.2",
			"resolved": "https://registry.nlark.com/got/download/got-11.8.2.tgz?cache=0&sync_timestamp=1628752491100&other_urls=https%3A%2F%2Fregistry.nlark.com%2Fgot%2Fdownload%2Fgot-11.8.2.tgz",
			"integrity": "sha1-ers5Weoowx81dvFXbB7/ziPzNZk=",
			"requires": {
				"@sindresorhus/is": "^4.0.0",
				"@szmarczak/http-timer": "^4.0.5",
				"@types/cacheable-request": "^6.0.1",
				"@types/responselike": "^1.0.0",
				"cacheable-lookup": "^5.0.3",
				"cacheable-request": "^7.0.1",
				"decompress-response": "^6.0.0",
				"http2-wrapper": "^1.0.0-beta.5.2",
				"lowercase-keys": "^2.0.0",
				"p-cancelable": "^2.0.0",
				"responselike": "^2.0.0"
			}
		},
		"http-cache-semantics": {
			"version": "4.1.0",
			"resolved": "https://registry.nlark.com/http-cache-semantics/download/http-cache-semantics-4.1.0.tgz",
			"integrity": "sha1-SekcXL82yblLz81xwj1SSex045A="
		},
		"http2-wrapper": {
			"version": "1.0.3",
			"resolved": "https://registry.nlark.com/http2-wrapper/download/http2-wrapper-1.0.3.tgz",
			"integrity": "sha1-uPVeDB8l1OvQizsMLAeflZCACz0=",
			"requires": {
				"quick-lru": "^5.1.1",
				"resolve-alpn": "^1.0.0"
			}
		},
		"isbinaryfile": {
			"version": "4.0.8",
			"resolved": "https://registry.nlark.com/isbinaryfile/download/isbinaryfile-4.0.8.tgz",
			"integrity": "sha1-XTS5SGW9SUZjPsx4oCb8dsWxH88="
		},
		"json-buffer": {
			"version": "3.0.1",
			"resolved": "https://registry.nlark.com/json-buffer/download/json-buffer-3.0.1.tgz",
			"integrity": "sha1-kziAKjDTtmBfvgYT4JQAjKjAWhM="
		},
		"keyv": {
			"version": "4.0.3",
			"resolved": "https://registry.npm.taobao.org/keyv/download/keyv-4.0.3.tgz?cache=0&sync_timestamp=1600337519334&other_urls=https%3A%2F%2Fregistry.npm.taobao.org%2Fkeyv%2Fdownload%2Fkeyv-4.0.3.tgz",
			"integrity": "sha1-TzqpjeJUgDyvzSiWc0EI2qNeQlQ=",
			"requires": {
				"json-buffer": "3.0.1"
			}
		},
		"lodash": {
			"version": "4.17.21",
			"resolved": "https://registry.npm.taobao.org/lodash/download/lodash-4.17.21.tgz",
			"integrity": "sha1-Z5WRxWTDv/quhFTPCz3zcMPWkRw="
		},
		"lowercase-keys": {
			"version": "2.0.0",
			"resolved": "https://registry.npm.taobao.org/lowercase-keys/download/lowercase-keys-2.0.0.tgz",
			"integrity": "sha1-JgPni3tLAAbLyi+8yKMgJVislHk="
		},
		"memfs": {
			"version": "3.2.2",
			"resolved": "https://registry.npm.taobao.org/memfs/download/memfs-3.2.2.tgz",
			"integrity": "sha1-XeRhOJ1Zbj8j1Iu3wq+2Fh9N9A4=",
			"requires": {
				"fs-monkey": "1.0.3"
			}
		},
		"mimic-response": {
			"version": "1.0.1",
			"resolved": "https://registry.nlark.com/mimic-response/download/mimic-response-1.0.1.tgz?cache=0&sync_timestamp=1628692524926&other_urls=https%3A%2F%2Fregistry.nlark.com%2Fmimic-response%2Fdownload%2Fmimic-response-1.0.1.tgz",
			"integrity": "sha1-SSNTiHju9CBjy4o+OweYeBSHqxs="
		},
		"normalize-url": {
			"version": "6.1.0",
			"resolved": "https://registry.nlark.com/normalize-url/download/normalize-url-6.1.0.tgz?cache=0&sync_timestamp=1628689122508&other_urls=https%3A%2F%2Fregistry.nlark.com%2Fnormalize-url%2Fdownload%2Fnormalize-url-6.1.0.tgz",
			"integrity": "sha1-QNCIW1Nd7/4/MUe+yHfQX+TFZoo="
		},
		"once": {
			"version": "1.4.0",
			"resolved": "https://registry.npm.taobao.org/once/download/once-1.4.0.tgz",
			"integrity": "sha1-WDsap3WWHUsROsF9nFC6753Xa9E=",
			"requires": {
				"wrappy": "1"
			}
		},
		"p-cancelable": {
			"version": "2.1.1",
			"resolved": "https://registry.nlark.com/p-cancelable/download/p-cancelable-2.1.1.tgz",
			"integrity": "sha1-qrf71BZYL6MqPbSYWcEiSHxe0s8="
		},
		"pump": {
			"version": "3.0.0",
			"resolved": "https://registry.npm.taobao.org/pump/download/pump-3.0.0.tgz",
			"integrity": "sha1-tKIRaBW94vTh6mAjVOjHVWUQemQ=",
			"requires": {
				"end-of-stream": "^1.1.0",
				"once": "^1.3.1"
			}
		},
		"quick-lru": {
			"version": "5.1.1",
			"resolved": "https://registry.nlark.com/quick-lru/download/quick-lru-5.1.1.tgz",
			"integrity": "sha1-NmST5rPkKjpoheLpnRj4D7eoyTI="
		},
		"resolve-alpn": {
			"version": "1.2.0",
			"resolved": "https://registry.nlark.com/resolve-alpn/download/resolve-alpn-1.2.0.tgz?cache=0&sync_timestamp=1626883080255&other_urls=https%3A%2F%2Fregistry.nlark.com%2Fresolve-alpn%2Fdownload%2Fresolve-alpn-1.2.0.tgz",
			"integrity": "sha1-BYuwiI0c1NEkdOmktusXvdWt3EQ="
		},
		"responselike": {
			"version": "2.0.0",
			"resolved": "https://registry.nlark.com/responselike/download/responselike-2.0.0.tgz",
			"integrity": "sha1-JjkbzDF091D5p56sxAoSpcQtdyM=",
			"requires": {
				"lowercase-keys": "^2.0.0"
			}
		},
		"wrappy": {
			"version": "1.0.2",
			"resolved": "https://registry.nlark.com/wrappy/download/wrappy-1.0.2.tgz?cache=0&sync_timestamp=1619133505879&other_urls=https%3A%2F%2Fregistry.nlark.com%2Fwrappy%2Fdownload%2Fwrappy-1.0.2.tgz",
			"integrity": "sha1-tSQ9jz7BqjXxNkYFvA0QNuMKtp8="
		}
	}
}
