{
	"name": "@dollie/utils",
	"version": "4.0.0",
	"lockfileVersion": 1,
	"requires": true,
	"dependencies": {
		"fs-monkey": {
			"version": "1.0.3",
			"resolved": "https://registry.npm.taobao.org/fs-monkey/download/fs-monkey-1.0.3.tgz?cache=0&sync_timestamp=1617593422622&other_urls=https%3A%2F%2Fregistry.npm.taobao.org%2Ffs-monkey%2Fdownload%2Ffs-monkey-1.0.3.tgz",
			"integrity": "sha1-rjrJLVO7Mo7+DpodlUH2rY1I4tM="
		},
		"isbinaryfile": {
			"version": "4.0.8",
			"resolved": "https://registry.nlark.com/isbinaryfile/download/isbinaryfile-4.0.8.tgz",
			"integrity": "sha1-XTS5SGW9SUZjPsx4oCb8dsWxH88="
		},
		"memfs": {
			"version": "3.2.2",
			"resolved": "https://registry.npm.taobao.org/memfs/download/memfs-3.2.2.tgz",
			"integrity": "sha1-XeRhOJ1Zbj8j1Iu3wq+2Fh9N9A4=",
			"requires": {
				"fs-monkey": "1.0.3"
			}
		}
	}
}
