{
	"name": "@dollie/utils",
	"version": "4.0.0",
	"lockfileVersion": 1,
	"requires": true,
	"dependencies": {
		"fs-monkey": {
			"version": "1.0.3",
			"resolved": "https://registry.npmjs.org/fs-monkey/-/fs-monkey-1.0.3.tgz",
			"integrity": "sha512-cybjIfiiE+pTWicSCLFHSrXZ6EilF30oh91FDP9S2B051prEa7QWfrVTQm10/dDpswBDXZugPa1Ogu8Yh+HV0Q=="
		},
		"isbinaryfile": {
			"version": "4.0.8",
			"resolved": "https://registry.npmjs.org/isbinaryfile/-/isbinaryfile-4.0.8.tgz",
			"integrity": "sha512-53h6XFniq77YdW+spoRrebh0mnmTxRPTlcuIArO57lmMdq4uBKFKaeTjnb92oYWrSn/LVL+LT+Hap2tFQj8V+w=="
		},
		"memfs": {
			"version": "3.2.2",
			"resolved": "https://registry.npmjs.org/memfs/-/memfs-3.2.2.tgz",
			"integrity": "sha512-RE0CwmIM3CEvpcdK3rZ19BC4E6hv9kADkMN5rPduRak58cNArWLi/9jFLsa4rhsjfVxMP3v0jO7FHXq7SvFY5Q==",
			"requires": {
				"fs-monkey": "1.0.3"
			}
		}
	}
}
