{
	"name": "@dollie/cli",
	"version": "4.0.0",
	"lockfileVersion": 1,
	"requires": true,
	"dependencies": {
		"@types/inquirer": {
			"version": "7.3.3",
			"resolved": "https://registry.npmjs.org/@types/inquirer/-/inquirer-7.3.3.tgz",
			"integrity": "sha512-HhxyLejTHMfohAuhRun4csWigAMjXTmRyiJTU1Y/I1xmggikFMkOUoMQRlFm+zQcPEGHSs3io/0FAmNZf8EymQ==",
			"dev": true,
			"requires": {
				"@types/through": "*",
				"rxjs": "^6.4.0"
			},
			"dependencies": {
				"@types/node": {
					"version": "16.7.6",
					"resolved": "https://registry.npmjs.org/@types/node/-/node-16.7.6.tgz",
					"integrity": "sha512-VESVNFoa/ahYA62xnLBjo5ur6gPsgEE5cNRy8SrdnkZ2nwJSW0kJ4ufbFr2zuU9ALtHM8juY53VcRoTA7htXSg==",
					"dev": true
				},
				"@types/through": {
					"version": "0.0.30",
					"resolved": "https://registry.npmjs.org/@types/through/-/through-0.0.30.tgz",
					"integrity": "sha512-FvnCJljyxhPM3gkRgWmxmDZyAQSiBQQWLI0A0VFL0K7W1oRUrPJSqNO0NvTnLkBcotdlp3lKvaT0JrnyRDkzOg==",
					"dev": true,
					"requires": {
						"@types/node": "*"
					}
				},
				"rxjs": {
					"version": "6.6.7",
					"resolved": "https://registry.npmjs.org/rxjs/-/rxjs-6.6.7.tgz",
					"integrity": "sha512-hTdwr+7yYNIT5n4AMYp85KA6yw2Va0FLa3Rguvbpa4W3I5xynaBZo41cM3XM+4Q6fRMj3sBYIR1VAmZMXYJvRQ==",
					"dev": true,
					"requires": {
						"tslib": "^1.9.0"
					}
				},
				"tslib": {
					"version": "1.14.1",
					"resolved": "https://registry.npmjs.org/tslib/-/tslib-1.14.1.tgz",
					"integrity": "sha512-Xni35NKzjgMrwevysHTCArtLDpPvye8zV/0E4EyYn43P7/7qvQwPh9BGkHewbMulVntbigmcT7rdX3BNo9wRJg==",
					"dev": true
				}
			}
		}
	}
}
