{
	"name": "@dollie/cli",
	"version": "4.0.0",
	"lockfileVersion": 1,
	"requires": true,
	"dependencies": {
		"@types/inquirer": {
			"version": "7.3.3",
			"resolved": "https://registry.nlark.com/@types/inquirer/download/@types/inquirer-7.3.3.tgz?cache=0&other_urls=https%3A%2F%2Fregistry.nlark.com%2F%40types%2Finquirer%2Fdownload%2F%40types%2Finquirer-7.3.3.tgz",
			"integrity": "sha1-kuZnbvtn+mklxpou5jj2eoIpUqw=",
			"dev": true,
			"requires": {
				"@types/through": "*",
				"rxjs": "^6.4.0"
			},
			"dependencies": {
				"rxjs": {
					"version": "6.6.7",
					"resolved": "https://registry.nlark.com/rxjs/download/rxjs-6.6.7.tgz?cache=0&sync_timestamp=1627507111626&other_urls=https%3A%2F%2Fregistry.nlark.com%2Frxjs%2Fdownload%2Frxjs-6.6.7.tgz",
					"integrity": "sha1-kKwBisq/SRv2UEQjXVhjxNq4BMk=",
					"dev": true,
					"requires": {
						"tslib": "^1.9.0"
					}
				},
				"tslib": {
					"version": "1.14.1",
					"resolved": "https://registry.nlark.com/tslib/download/tslib-1.14.1.tgz",
					"integrity": "sha1-zy04vcNKE0vK8QkcQfZhni9nLQA=",
					"dev": true
				}
			}
		},
		"@types/node": {
			"version": "15.14.9",
			"resolved": "https://registry.nlark.com/@types/node/download/@types/node-15.14.9.tgz?cache=0&sync_timestamp=1630089195279&other_urls=https%3A%2F%2Fregistry.nlark.com%2F%40types%2Fnode%2Fdownload%2F%40types%2Fnode-15.14.9.tgz",
			"integrity": "sha1-vEPJkMPJvnKBhou8e4/dbitXrfo=",
			"dev": true
		},
		"@types/through": {
			"version": "0.0.30",
			"resolved": "https://registry.nlark.com/@types/through/download/@types/through-0.0.30.tgz",
			"integrity": "sha1-4OQs536Je9aurW9upirrE1uKOJU=",
			"dev": true,
			"requires": {
				"@types/node": "*"
			}
		}
	}
}
